
Microsoft Visual Studio Solution File, Format Version 12.00
# Visual Studio Version 17
VisualStudioVersion = 17.14.36202.13 d17.14
MinimumVisualStudioVersion = 10.0.40219.1
Project("{54A90642-561A-4BB1-A94E-469ADEE60C69}") = "MSITracker.client", "MSITracker\msitracker.client\MSITracker.client.esproj", "{D42678BD-C69C-72F1-9E14-E9E8C5C4EC90}"
EndProject
Project("{FAE04EC0-301F-11D3-BF4B-00C04F79EFBC}") = "MSITracker.Server", "MSITracker\MSITracker.Server\MSITracker.Server.csproj", "{BEB14AF2-F655-458A-AA9F-48C6447CBDCF}"
EndProject
Global
	GlobalSection(SolutionConfigurationPlatforms) = preSolution
		Debug|Any CPU = Debug|Any CPU
		Release|Any CPU = Release|Any CPU
	EndGlobalSection
	GlobalSection(ProjectConfigurationPlatforms) = postSolution
		{D42678BD-C69C-72F1-9E14-E9E8C5C4EC90}.Debug|Any CPU.ActiveCfg = Debug|Any CPU
		{D42678BD-C69C-72F1-9E14-E9E8C5C4EC90}.Debug|Any CPU.Build.0 = Debug|Any CPU
		{D42678BD-C69C-72F1-9E14-E9E8C5C4EC90}.Debug|Any CPU.Deploy.0 = Debug|Any CPU
		{D42678BD-C69C-72F1-9E14-E9E8C5C4EC90}.Release|Any CPU.ActiveCfg = Release|Any CPU
		{D42678BD-C69C-72F1-9E14-E9E8C5C4EC90}.Release|Any CPU.Build.0 = Release|Any CPU
		{D42678BD-C69C-72F1-9E14-E9E8C5C4EC90}.Release|Any CPU.Deploy.0 = Release|Any CPU
		{BEB14AF2-F655-458A-AA9F-48C6447CBDCF}.Debug|Any CPU.ActiveCfg = Debug|Any CPU
		{BEB14AF2-F655-458A-AA9F-48C6447CBDCF}.Debug|Any CPU.Build.0 = Debug|Any CPU
		{BEB14AF2-F655-458A-AA9F-48C6447CBDCF}.Release|Any CPU.ActiveCfg = Release|Any CPU
		{BEB14AF2-F655-458A-AA9F-48C6447CBDCF}.Release|Any CPU.Build.0 = Release|Any CPU
	EndGlobalSection
	GlobalSection(SolutionProperties) = preSolution
		HideSolutionNode = FALSE
	EndGlobalSection
	GlobalSection(ExtensibilityGlobals) = postSolution
		SolutionGuid = {98316378-1F29-41D0-848E-D7F00FD738AE}
	EndGlobalSection
EndGlobal
